
Microsoft Visual Studio Solution File, Format Version 12.00
# Visual Studio Version 17
VisualStudioVersion = 17.4.33205.214
MinimumVisualStudioVersion = 10.0.40219.1
Project("{FAE04EC0-301F-11D3-BF4B-00C04F79EFBC}") = "SITCAFileTransferService", "SITCAFileTransferService.csproj", "{43DF5719-CBC6-4217-8997-4B08B6FCAAC4}"
EndProject
Global
	GlobalSection(SolutionConfigurationPlatforms) = preSolution
		Debug|Any CPU = Debug|Any CPU
		Release|Any CPU = Release|Any CPU
	EndGlobalSection
	GlobalSection(ProjectConfigurationPlatforms) = postSolution
		{43DF5719-CBC6-4217-8997-4B08B6FCAAC4}.Debug|Any CPU.ActiveCfg = Debug|Any CPU
		{43DF5719-CBC6-4217-8997-4B08B6FCAAC4}.Debug|Any CPU.Build.0 = Debug|Any CPU
		{43DF5719-CBC6-4217-8997-4B08B6FCAAC4}.Release|Any CPU.ActiveCfg = Release|Any CPU
		{43DF5719-CBC6-4217-8997-4B08B6FCAAC4}.Release|Any CPU.Build.0 = Release|Any CPU
	EndGlobalSection
	GlobalSection(SolutionProperties) = preSolution
		HideSolutionNode = FALSE
	EndGlobalSection
	GlobalSection(ExtensibilityGlobals) = postSolution
		SolutionGuid = {F9566603-D379-4E02-BB11-C8E40CE724A0}
	EndGlobalSection
EndGlobal
